// !$*UTF8*$!
{
	archiveVersion = 1;
	classes = {
	};
	objectVersion = 46;
	objects = {

/* Begin PBXBuildFile section */
		48A47A25165A1CDC00DD878D /* JHOLoginViewController.xib in Resources */ = {isa = PBXBuildFile; fileRef = 48A47A23165A1CDC00DD878D /* JHOLoginViewController.xib */; };
		ED462EC51658CC2000E53720 /* UIKit.framework in Frameworks */ = {isa = PBXBuildFile; fileRef = ED462EC41658CC2000E53720 /* UIKit.framework */; };
		ED462EC71658CC2000E53720 /* Foundation.framework in Frameworks */ = {isa = PBXBuildFile; fileRef = ED462EC61658CC2000E53720 /* Foundation.framework */; };
		ED462EC91658CC2000E53720 /* CoreGraphics.framework in Frameworks */ = {isa = PBXBuildFile; fileRef = ED462EC81658CC2000E53720 /* CoreGraphics.framework */; };
		ED462ECF1658CC2000E53720 /* InfoPlist.strings in Resources */ = {isa = PBXBuildFile; fileRef = ED462ECD1658CC2000E53720 /* InfoPlist.strings */; };
		ED462ED11658CC2000E53720 /* main.m in Sources */ = {isa = PBXBuildFile; fileRef = ED462ED01658CC2000E53720 /* main.m */; };
		ED462ED51658CC2000E53720 /* JHOAppDelegate.m in Sources */ = {isa = PBXBuildFile; fileRef = ED462ED41658CC2000E53720 /* JHOAppDelegate.m */; };
		ED462EE11658CCF500E53720 /* IIViewDeckController.m in Sources */ = {isa = PBXBuildFile; fileRef = ED462EDE1658CCF500E53720 /* IIViewDeckController.m */; };
		ED462EE21658CCF500E53720 /* WrapController.m in Sources */ = {isa = PBXBuildFile; fileRef = ED462EE01658CCF500E53720 /* WrapController.m */; };
		ED462EF01658CF2400E53720 /* QuartzCore.framework in Frameworks */ = {isa = PBXBuildFile; fileRef = ED462EEF1658CF2400E53720 /* QuartzCore.framework */; };
		ED462EFD1658D33300E53720 /* JHOSlideMenuViewController.m in Sources */ = {isa = PBXBuildFile; fileRef = ED462EFB1658D33300E53720 /* JHOSlideMenuViewController.m */; };
		ED462EFE1658D33300E53720 /* JHOSlideMenuViewController.xib in Resources */ = {isa = PBXBuildFile; fileRef = ED462EFC1658D33300E53720 /* JHOSlideMenuViewController.xib */; };
		ED462F081658D86A00E53720 /* JHOMainFrameViewController.m in Sources */ = {isa = PBXBuildFile; fileRef = ED462F071658D86A00E53720 /* JHOMainFrameViewController.m */; };
		ED462F521658DB6000E53720 /* cell_background.png in Resources */ = {isa = PBXBuildFile; fileRef = ED462F4C1658DB6000E53720 /* cell_background.png */; };
		ED462F531658DB6000E53720 /* cell_background@2x.png in Resources */ = {isa = PBXBuildFile; fileRef = ED462F4D1658DB6000E53720 /* cell_background@2x.png */; };
		ED462F541658DB6000E53720 /* cell_selected_background.png in Resources */ = {isa = PBXBuildFile; fileRef = ED462F4E1658DB6000E53720 /* cell_selected_background.png */; };
		ED462F551658DB6000E53720 /* cell_selected_background@2x.png in Resources */ = {isa = PBXBuildFile; fileRef = ED462F4F1658DB6000E53720 /* cell_selected_background@2x.png */; };
		ED462F561658DB6000E53720 /* section_background.png in Resources */ = {isa = PBXBuildFile; fileRef = ED462F501658DB6000E53720 /* section_background.png */; };
		ED462F571658DB6000E53720 /* section_background@2x.png in Resources */ = {isa = PBXBuildFile; fileRef = ED462F511658DB6000E53720 /* section_background@2x.png */; };
		ED462F6A1658E8DC00E53720 /* JHOMyHomePageViewController.m in Sources */ = {isa = PBXBuildFile; fileRef = ED462F691658E8DC00E53720 /* JHOMyHomePageViewController.m */; };
		ED462F6C1658E93900E53720 /* homepagebackground.png in Resources */ = {isa = PBXBuildFile; fileRef = ED462F6B1658E93900E53720 /* homepagebackground.png */; };
		ED462F761658EBF000E53720 /* JHOSlideViewTableCell.m in Sources */ = {isa = PBXBuildFile; fileRef = ED462F751658EBF000E53720 /* JHOSlideViewTableCell.m */; };
		ED9192EF165CA7BC00A488AF /* ASIAuthenticationDialog.m in Sources */ = {isa = PBXBuildFile; fileRef = ED91929B165CA7BC00A488AF /* ASIAuthenticationDialog.m */; };
		ED9192F0165CA7BC00A488AF /* ASIDataCompressor.m in Sources */ = {isa = PBXBuildFile; fileRef = ED91929E165CA7BC00A488AF /* ASIDataCompressor.m */; };
		ED9192F1165CA7BC00A488AF /* ASIDataDecompressor.m in Sources */ = {isa = PBXBuildFile; fileRef = ED9192A0165CA7BC00A488AF /* ASIDataDecompressor.m */; };
		ED9192F2165CA7BC00A488AF /* ASIDownloadCache.m in Sources */ = {isa = PBXBuildFile; fileRef = ED9192A2165CA7BC00A488AF /* ASIDownloadCache.m */; };
		ED9192F3165CA7BC00A488AF /* ASIFormDataRequest.m in Sources */ = {isa = PBXBuildFile; fileRef = ED9192A4165CA7BC00A488AF /* ASIFormDataRequest.m */; };
		ED9192F4165CA7BC00A488AF /* ASIHTTPRequest.m in Sources */ = {isa = PBXBuildFile; fileRef = ED9192A6165CA7BC00A488AF /* ASIHTTPRequest.m */; };
		ED9192F5165CA7BC00A488AF /* ASIInputStream.m in Sources */ = {isa = PBXBuildFile; fileRef = ED9192AA165CA7BC00A488AF /* ASIInputStream.m */; };
		ED9192F6165CA7BC00A488AF /* ASINetworkQueue.m in Sources */ = {isa = PBXBuildFile; fileRef = ED9192AC165CA7BC00A488AF /* ASINetworkQueue.m */; };
		ED9192FF165CA7BC00A488AF /* Reachability.m in Sources */ = {isa = PBXBuildFile; fileRef = ED9192C2165CA7BC00A488AF /* Reachability.m */; };
		ED919366165CAE7E00A488AF /* CFNetwork.framework in Frameworks */ = {isa = PBXBuildFile; fileRef = ED919365165CAE7E00A488AF /* CFNetwork.framework */; };
		ED919368165CAE8400A488AF /* SystemConfiguration.framework in Frameworks */ = {isa = PBXBuildFile; fileRef = ED919367165CAE8400A488AF /* SystemConfiguration.framework */; };
		ED91936A165CAE9200A488AF /* MobileCoreServices.framework in Frameworks */ = {isa = PBXBuildFile; fileRef = ED919369165CAE9200A488AF /* MobileCoreServices.framework */; };
		ED91936C165CAE9800A488AF /* libz.dylib in Frameworks */ = {isa = PBXBuildFile; fileRef = ED91936B165CAE9800A488AF /* libz.dylib */; };
		ED919371165CB23A00A488AF /* MBProgressHUD.m in Sources */ = {isa = PBXBuildFile; fileRef = ED919370165CB23A00A488AF /* MBProgressHUD.m */; };
		ED919373165CB24F00A488AF /* JHOLoginViewController.m in Sources */ = {isa = PBXBuildFile; fileRef = ED919372165CB24F00A488AF /* JHOLoginViewController.m */; };
		ED919378165CC0B400A488AF /* JHOModifyUserInfoViewController.m in Sources */ = {isa = PBXBuildFile; fileRef = ED919376165CC0B400A488AF /* JHOModifyUserInfoViewController.m */; };
		ED919379165CC0B400A488AF /* JHOModifyUserInfoViewController.xib in Resources */ = {isa = PBXBuildFile; fileRef = ED919377165CC0B400A488AF /* JHOModifyUserInfoViewController.xib */; };
		EDA88A14165B62C800805500 /* JSONKit.m in Sources */ = {isa = PBXBuildFile; fileRef = EDA88A13165B62C800805500 /* JSONKit.m */; };
		EDB1F72D165F251700FFD7F9 /* JHOAlternativeTargetsViewController.m in Sources */ = {isa = PBXBuildFile; fileRef = EDB1F72B165F251700FFD7F9 /* JHOAlternativeTargetsViewController.m */; };
		EDB1F72E165F251700FFD7F9 /* JHOAlternativeTargetsViewController.xib in Resources */ = {isa = PBXBuildFile; fileRef = EDB1F72C165F251700FFD7F9 /* JHOAlternativeTargetsViewController.xib */; };
		EDB1F730165F339500FFD7F9 /* IMG_0022.JPG in Resources */ = {isa = PBXBuildFile; fileRef = EDB1F72F165F339500FFD7F9 /* IMG_0022.JPG */; };
		EDB1F739165F3A0600FFD7F9 /* JHOHabitsListViewController.m in Sources */ = {isa = PBXBuildFile; fileRef = EDB1F737165F3A0600FFD7F9 /* JHOHabitsListViewController.m */; };
		EDB1F73A165F3A0600FFD7F9 /* JHOHabitsListViewController.xib in Resources */ = {isa = PBXBuildFile; fileRef = EDB1F738165F3A0600FFD7F9 /* JHOHabitsListViewController.xib */; };
		EDB1F741165F3B8000FFD7F9 /* ButtonSelected.png in Resources */ = {isa = PBXBuildFile; fileRef = EDB1F73C165F3B8000FFD7F9 /* ButtonSelected.png */; };
		EDB1F742165F3B8000FFD7F9 /* MenuBar.png in Resources */ = {isa = PBXBuildFile; fileRef = EDB1F73D165F3B8000FFD7F9 /* MenuBar.png */; };
		EDB1F743165F3B8000FFD7F9 /* MenuBar@2x.png in Resources */ = {isa = PBXBuildFile; fileRef = EDB1F73E165F3B8000FFD7F9 /* MenuBar@2x.png */; };
		EDB1F744165F3B8000FFD7F9 /* MKHorizMenu.m in Sources */ = {isa = PBXBuildFile; fileRef = EDB1F740165F3B8000FFD7F9 /* MKHorizMenu.m */; };
		EDB1F785165F476100FFD7F9 /* JHONetworkHelper.m in Sources */ = {isa = PBXBuildFile; fileRef = EDB1F784165F476100FFD7F9 /* JHONetworkHelper.m */; };
		EDB1F78A165F7F3500FFD7F9 /* JHOAppUserInfo.m in Sources */ = {isa = PBXBuildFile; fileRef = EDB1F789165F7F3500FFD7F9 /* JHOAppUserInfo.m */; };
		EDDA5EBD165E1F030002B38A /* SinaWeibo.bundle in Resources */ = {isa = PBXBuildFile; fileRef = EDDA5EB5165E1F030002B38A /* SinaWeibo.bundle */; };
		EDDA5EBE165E1F030002B38A /* SinaWeibo.m in Sources */ = {isa = PBXBuildFile; fileRef = EDDA5EB7165E1F030002B38A /* SinaWeibo.m */; };
		EDDA5EBF165E1F030002B38A /* SinaWeiboAuthorizeView.m in Sources */ = {isa = PBXBuildFile; fileRef = EDDA5EB9165E1F030002B38A /* SinaWeiboAuthorizeView.m */; };
		EDDA5EC0165E1F030002B38A /* SinaWeiboRequest.m in Sources */ = {isa = PBXBuildFile; fileRef = EDDA5EBC165E1F030002B38A /* SinaWeiboRequest.m */; };
/* End PBXBuildFile section */

/* Begin PBXFileReference section */
		48A47A21165A1CDC00DD878D /* JHOLoginViewController.h */ = {isa = PBXFileReference; fileEncoding = 4; lastKnownFileType = sourcecode.c.h; name = JHOLoginViewController.h; path = Controllers/JHOLoginViewController.h; sourceTree = "<group>"; };
		48A47A23165A1CDC00DD878D /* JHOLoginViewController.xib */ = {isa = PBXFileReference; fileEncoding = 4; lastKnownFileType = file.xib; name = JHOLoginViewController.xib; path = Controllers/JHOLoginViewController.xib; sourceTree = "<group>"; };
		ED462EC01658CC2000E53720 /* JustHoldOn.app */ = {isa = PBXFileReference; explicitFileType = wrapper.application; includeInIndex = 0; path = JustHoldOn.app; sourceTree = BUILT_PRODUCTS_DIR; };
		ED462EC41658CC2000E53720 /* UIKit.framework */ = {isa = PBXFileReference; lastKnownFileType = wrapper.framework; name = UIKit.framework; path = System/Library/Frameworks/UIKit.framework; sourceTree = SDKROOT; };
		ED462EC61658CC2000E53720 /* Foundation.framework */ = {isa = PBXFileReference; lastKnownFileType = wrapper.framework; name = Foundation.framework; path = System/Library/Frameworks/Foundation.framework; sourceTree = SDKROOT; };
		ED462EC81658CC2000E53720 /* CoreGraphics.framework */ = {isa = PBXFileReference; lastKnownFileType = wrapper.framework; name = CoreGraphics.framework; path = System/Library/Frameworks/CoreGraphics.framework; sourceTree = SDKROOT; };
		ED462ECC1658CC2000E53720 /* JustHoldOn-Info.plist */ = {isa = PBXFileReference; lastKnownFileType = text.plist.xml; path = "JustHoldOn-Info.plist"; sourceTree = "<group>"; };
		ED462ECE1658CC2000E53720 /* en */ = {isa = PBXFileReference; lastKnownFileType = text.plist.strings; name = en; path = en.lproj/InfoPlist.strings; sourceTree = "<group>"; };
		ED462ED01658CC2000E53720 /* main.m */ = {isa = PBXFileReference; lastKnownFileType = sourcecode.c.objc; path = main.m; sourceTree = "<group>"; };
		ED462ED21658CC2000E53720 /* JustHoldOn-Prefix.pch */ = {isa = PBXFileReference; lastKnownFileType = sourcecode.c.h; path = "JustHoldOn-Prefix.pch"; sourceTree = "<group>"; };
		ED462ED31658CC2000E53720 /* JHOAppDelegate.h */ = {isa = PBXFileReference; lastKnownFileType = sourcecode.c.h; path = JHOAppDelegate.h; sourceTree = "<group>"; };
		ED462ED41658CC2000E53720 /* JHOAppDelegate.m */ = {isa = PBXFileReference; lastKnownFileType = sourcecode.c.objc; path = JHOAppDelegate.m; sourceTree = "<group>"; };
		ED462EDD1658CCF500E53720 /* IIViewDeckController.h */ = {isa = PBXFileReference; fileEncoding = 4; lastKnownFileType = sourcecode.c.h; path = IIViewDeckController.h; sourceTree = "<group>"; };
		ED462EDE1658CCF500E53720 /* IIViewDeckController.m */ = {isa = PBXFileReference; fileEncoding = 4; lastKnownFileType = sourcecode.c.objc; path = IIViewDeckController.m; sourceTree = "<group>"; };
		ED462EDF1658CCF500E53720 /* WrapController.h */ = {isa = PBXFileReference; fileEncoding = 4; lastKnownFileType = sourcecode.c.h; path = WrapController.h; sourceTree = "<group>"; };
		ED462EE01658CCF500E53720 /* WrapController.m */ = {isa = PBXFileReference; fileEncoding = 4; lastKnownFileType = sourcecode.c.objc; path = WrapController.m; sourceTree = "<group>"; };
		ED462EEF1658CF2400E53720 /* QuartzCore.framework */ = {isa = PBXFileReference; lastKnownFileType = wrapper.framework; name = QuartzCore.framework; path = System/Library/Frameworks/QuartzCore.framework; sourceTree = SDKROOT; };
		ED462EFA1658D33300E53720 /* JHOSlideMenuViewController.h */ = {isa = PBXFileReference; fileEncoding = 4; lastKnownFileType = sourcecode.c.h; name = JHOSlideMenuViewController.h; path = Controllers/JHOSlideMenuViewController.h; sourceTree = "<group>"; };
		ED462EFB1658D33300E53720 /* JHOSlideMenuViewController.m */ = {isa = PBXFileReference; fileEncoding = 4; lastKnownFileType = sourcecode.c.objc; name = JHOSlideMenuViewController.m; path = Controllers/JHOSlideMenuViewController.m; sourceTree = "<group>"; };
		ED462EFC1658D33300E53720 /* JHOSlideMenuViewController.xib */ = {isa = PBXFileReference; fileEncoding = 4; lastKnownFileType = file.xib; name = JHOSlideMenuViewController.xib; path = Controllers/JHOSlideMenuViewController.xib; sourceTree = "<group>"; };
		ED462F061658D86A00E53720 /* JHOMainFrameViewController.h */ = {isa = PBXFileReference; fileEncoding = 4; lastKnownFileType = sourcecode.c.h; name = JHOMainFrameViewController.h; path = Controllers/JHOMainFrameViewController.h; sourceTree = "<group>"; };
		ED462F071658D86A00E53720 /* JHOMainFrameViewController.m */ = {isa = PBXFileReference; fileEncoding = 4; lastKnownFileType = sourcecode.c.objc; name = JHOMainFrameViewController.m; path = Controllers/JHOMainFrameViewController.m; sourceTree = "<group>"; };
		ED462F4C1658DB6000E53720 /* cell_background.png */ = {isa = PBXFileReference; lastKnownFileType = image.png; name = cell_background.png; path = Resources/cell_background.png; sourceTree = "<group>"; };
		ED462F4D1658DB6000E53720 /* cell_background@2x.png */ = {isa = PBXFileReference; lastKnownFileType = image.png; name = "cell_background@2x.png"; path = "Resources/cell_background@2x.png"; sourceTree = "<group>"; };
		ED462F4E1658DB6000E53720 /* cell_selected_background.png */ = {isa = PBXFileReference; lastKnownFileType = image.png; name = cell_selected_background.png; path = Resources/cell_selected_background.png; sourceTree = "<group>"; };
		ED462F4F1658DB6000E53720 /* cell_selected_background@2x.png */ = {isa = PBXFileReference; lastKnownFileType = image.png; name = "cell_selected_background@2x.png"; path = "Resources/cell_selected_background@2x.png"; sourceTree = "<group>"; };
		ED462F501658DB6000E53720 /* section_background.png */ = {isa = PBXFileReference; lastKnownFileType = image.png; name = section_background.png; path = Resources/section_background.png; sourceTree = "<group>"; };
		ED462F511658DB6000E53720 /* section_background@2x.png */ = {isa = PBXFileReference; lastKnownFileType = image.png; name = "section_background@2x.png"; path = "Resources/section_background@2x.png"; sourceTree = "<group>"; };
		ED462F681658E8DC00E53720 /* JHOMyHomePageViewController.h */ = {isa = PBXFileReference; fileEncoding = 4; lastKnownFileType = sourcecode.c.h; name = JHOMyHomePageViewController.h; path = Controllers/JHOMyHomePageViewController.h; sourceTree = "<group>"; };
		ED462F691658E8DC00E53720 /* JHOMyHomePageViewController.m */ = {isa = PBXFileReference; fileEncoding = 4; lastKnownFileType = sourcecode.c.objc; name = JHOMyHomePageViewController.m; path = Controllers/JHOMyHomePageViewController.m; sourceTree = "<group>"; };
		ED462F6B1658E93900E53720 /* homepagebackground.png */ = {isa = PBXFileReference; lastKnownFileType = image.png; name = homepagebackground.png; path = Resources/homepagebackground.png; sourceTree = "<group>"; };
		ED462F741658EBF000E53720 /* JHOSlideViewTableCell.h */ = {isa = PBXFileReference; fileEncoding = 4; lastKnownFileType = sourcecode.c.h; name = JHOSlideViewTableCell.h; path = Views/JHOSlideViewTableCell.h; sourceTree = "<group>"; };
		ED462F751658EBF000E53720 /* JHOSlideViewTableCell.m */ = {isa = PBXFileReference; fileEncoding = 4; lastKnownFileType = sourcecode.c.objc; name = JHOSlideViewTableCell.m; path = Views/JHOSlideViewTableCell.m; sourceTree = "<group>"; };
		ED91929A165CA7BC00A488AF /* ASIAuthenticationDialog.h */ = {isa = PBXFileReference; fileEncoding = 4; lastKnownFileType = sourcecode.c.h; path = ASIAuthenticationDialog.h; sourceTree = "<group>"; };
		ED91929B165CA7BC00A488AF /* ASIAuthenticationDialog.m */ = {isa = PBXFileReference; fileEncoding = 4; lastKnownFileType = sourcecode.c.objc; path = ASIAuthenticationDialog.m; sourceTree = "<group>"; };
		ED91929C165CA7BC00A488AF /* ASICacheDelegate.h */ = {isa = PBXFileReference; fileEncoding = 4; lastKnownFileType = sourcecode.c.h; path = ASICacheDelegate.h; sourceTree = "<group>"; };
		ED91929D165CA7BC00A488AF /* ASIDataCompressor.h */ = {isa = PBXFileReference; fileEncoding = 4; lastKnownFileType = sourcecode.c.h; path = ASIDataCompressor.h; sourceTree = "<group>"; };
		ED91929E165CA7BC00A488AF /* ASIDataCompressor.m */ = {isa = PBXFileReference; fileEncoding = 4; lastKnownFileType = sourcecode.c.objc; path = ASIDataCompressor.m; sourceTree = "<group>"; };
		ED91929F165CA7BC00A488AF /* ASIDataDecompressor.h */ = {isa = PBXFileReference; fileEncoding = 4; lastKnownFileType = sourcecode.c.h; path = ASIDataDecompressor.h; sourceTree = "<group>"; };
		ED9192A0165CA7BC00A488AF /* ASIDataDecompressor.m */ = {isa = PBXFileReference; fileEncoding = 4; lastKnownFileType = sourcecode.c.objc; path = ASIDataDecompressor.m; sourceTree = "<group>"; };
		ED9192A1165CA7BC00A488AF /* ASIDownloadCache.h */ = {isa = PBXFileReference; fileEncoding = 4; lastKnownFileType = sourcecode.c.h; path = ASIDownloadCache.h; sourceTree = "<group>"; };
		ED9192A2165CA7BC00A488AF /* ASIDownloadCache.m */ = {isa = PBXFileReference; fileEncoding = 4; lastKnownFileType = sourcecode.c.objc; path = ASIDownloadCache.m; sourceTree = "<group>"; };
		ED9192A3165CA7BC00A488AF /* ASIFormDataRequest.h */ = {isa = PBXFileReference; fileEncoding = 4; lastKnownFileType = sourcecode.c.h; path = ASIFormDataRequest.h; sourceTree = "<group>"; };
		ED9192A4165CA7BC00A488AF /* ASIFormDataRequest.m */ = {isa = PBXFileReference; fileEncoding = 4; lastKnownFileType = sourcecode.c.objc; path = ASIFormDataRequest.m; sourceTree = "<group>"; };
		ED9192A5165CA7BC00A488AF /* ASIHTTPRequest.h */ = {isa = PBXFileReference; fileEncoding = 4; lastKnownFileType = sourcecode.c.h; path = ASIHTTPRequest.h; sourceTree = "<group>"; };
		ED9192A6165CA7BC00A488AF /* ASIHTTPRequest.m */ = {isa = PBXFileReference; fileEncoding = 4; lastKnownFileType = sourcecode.c.objc; path = ASIHTTPRequest.m; sourceTree = "<group>"; };
		ED9192A7165CA7BC00A488AF /* ASIHTTPRequestConfig.h */ = {isa = PBXFileReference; fileEncoding = 4; lastKnownFileType = sourcecode.c.h; path = ASIHTTPRequestConfig.h; sourceTree = "<group>"; };
		ED9192A8165CA7BC00A488AF /* ASIHTTPRequestDelegate.h */ = {isa = PBXFileReference; fileEncoding = 4; lastKnownFileType = sourcecode.c.h; path = ASIHTTPRequestDelegate.h; sourceTree = "<group>"; };
		ED9192A9165CA7BC00A488AF /* ASIInputStream.h */ = {isa = PBXFileReference; fileEncoding = 4; lastKnownFileType = sourcecode.c.h; path = ASIInputStream.h; sourceTree = "<group>"; };
		ED9192AA165CA7BC00A488AF /* ASIInputStream.m */ = {isa = PBXFileReference; fileEncoding = 4; lastKnownFileType = sourcecode.c.objc; path = ASIInputStream.m; sourceTree = "<group>"; };
		ED9192AB165CA7BC00A488AF /* ASINetworkQueue.h */ = {isa = PBXFileReference; fileEncoding = 4; lastKnownFileType = sourcecode.c.h; path = ASINetworkQueue.h; sourceTree = "<group>"; };
		ED9192AC165CA7BC00A488AF /* ASINetworkQueue.m */ = {isa = PBXFileReference; fileEncoding = 4; lastKnownFileType = sourcecode.c.objc; path = ASINetworkQueue.m; sourceTree = "<group>"; };
		ED9192AD165CA7BC00A488AF /* ASIProgressDelegate.h */ = {isa = PBXFileReference; fileEncoding = 4; lastKnownFileType = sourcecode.c.h; path = ASIProgressDelegate.h; sourceTree = "<group>"; };
		ED9192C1165CA7BC00A488AF /* Reachability.h */ = {isa = PBXFileReference; fileEncoding = 4; lastKnownFileType = sourcecode.c.h; path = Reachability.h; sourceTree = "<group>"; };
		ED9192C2165CA7BC00A488AF /* Reachability.m */ = {isa = PBXFileReference; fileEncoding = 4; lastKnownFileType = sourcecode.c.objc; path = Reachability.m; sourceTree = "<group>"; };
		ED919365165CAE7E00A488AF /* CFNetwork.framework */ = {isa = PBXFileReference; lastKnownFileType = wrapper.framework; name = CFNetwork.framework; path = System/Library/Frameworks/CFNetwork.framework; sourceTree = SDKROOT; };
		ED919367165CAE8400A488AF /* SystemConfiguration.framework */ = {isa = PBXFileReference; lastKnownFileType = wrapper.framework; name = SystemConfiguration.framework; path = System/Library/Frameworks/SystemConfiguration.framework; sourceTree = SDKROOT; };
		ED919369165CAE9200A488AF /* MobileCoreServices.framework */ = {isa = PBXFileReference; lastKnownFileType = wrapper.framework; name = MobileCoreServices.framework; path = System/Library/Frameworks/MobileCoreServices.framework; sourceTree = SDKROOT; };
		ED91936B165CAE9800A488AF /* libz.dylib */ = {isa = PBXFileReference; lastKnownFileType = "compiled.mach-o.dylib"; name = libz.dylib; path = usr/lib/libz.dylib; sourceTree = SDKROOT; };
		ED91936F165CB23A00A488AF /* MBProgressHUD.h */ = {isa = PBXFileReference; fileEncoding = 4; lastKnownFileType = sourcecode.c.h; path = MBProgressHUD.h; sourceTree = "<group>"; };
		ED919370165CB23A00A488AF /* MBProgressHUD.m */ = {isa = PBXFileReference; fileEncoding = 4; lastKnownFileType = sourcecode.c.objc; path = MBProgressHUD.m; sourceTree = "<group>"; };
		ED919372165CB24F00A488AF /* JHOLoginViewController.m */ = {isa = PBXFileReference; fileEncoding = 4; lastKnownFileType = sourcecode.c.objc; name = JHOLoginViewController.m; path = Controllers/JHOLoginViewController.m; sourceTree = "<group>"; };
		ED919375165CC0B400A488AF /* JHOModifyUserInfoViewController.h */ = {isa = PBXFileReference; fileEncoding = 4; lastKnownFileType = sourcecode.c.h; name = JHOModifyUserInfoViewController.h; path = Controllers/JHOModifyUserInfoViewController.h; sourceTree = "<group>"; };
		ED919376165CC0B400A488AF /* JHOModifyUserInfoViewController.m */ = {isa = PBXFileReference; fileEncoding = 4; lastKnownFileType = sourcecode.c.objc; name = JHOModifyUserInfoViewController.m; path = Controllers/JHOModifyUserInfoViewController.m; sourceTree = "<group>"; };
		ED919377165CC0B400A488AF /* JHOModifyUserInfoViewController.xib */ = {isa = PBXFileReference; fileEncoding = 4; lastKnownFileType = file.xib; name = JHOModifyUserInfoViewController.xib; path = Controllers/JHOModifyUserInfoViewController.xib; sourceTree = "<group>"; };
		EDA88A12165B62C800805500 /* JSONKit.h */ = {isa = PBXFileReference; fileEncoding = 4; lastKnownFileType = sourcecode.c.h; path = JSONKit.h; sourceTree = "<group>"; };
		EDA88A13165B62C800805500 /* JSONKit.m */ = {isa = PBXFileReference; fileEncoding = 4; lastKnownFileType = sourcecode.c.objc; path = JSONKit.m; sourceTree = "<group>"; };
		EDB1F72A165F251700FFD7F9 /* JHOAlternativeTargetsViewController.h */ = {isa = PBXFileReference; fileEncoding = 4; lastKnownFileType = sourcecode.c.h; name = JHOAlternativeTargetsViewController.h; path = Controllers/JHOAlternativeTargetsViewController.h; sourceTree = "<group>"; };
		EDB1F72B165F251700FFD7F9 /* JHOAlternativeTargetsViewController.m */ = {isa = PBXFileReference; fileEncoding = 4; lastKnownFileType = sourcecode.c.objc; name = JHOAlternativeTargetsViewController.m; path = Controllers/JHOAlternativeTargetsViewController.m; sourceTree = "<group>"; };
		EDB1F72C165F251700FFD7F9 /* JHOAlternativeTargetsViewController.xib */ = {isa = PBXFileReference; fileEncoding = 4; lastKnownFileType = file.xib; name = JHOAlternativeTargetsViewController.xib; path = Controllers/JHOAlternativeTargetsViewController.xib; sourceTree = "<group>"; };
		EDB1F72F165F339500FFD7F9 /* IMG_0022.JPG */ = {isa = PBXFileReference; lastKnownFileType = image.jpeg; name = IMG_0022.JPG; path = Resources/IMG_0022.JPG; sourceTree = "<group>"; };
		EDB1F736165F3A0600FFD7F9 /* JHOHabitsListViewController.h */ = {isa = PBXFileReference; fileEncoding = 4; lastKnownFileType = sourcecode.c.h; name = JHOHabitsListViewController.h; path = Controllers/JHOHabitsListViewController.h; sourceTree = "<group>"; };
		EDB1F737165F3A0600FFD7F9 /* JHOHabitsListViewController.m */ = {isa = PBXFileReference; fileEncoding = 4; lastKnownFileType = sourcecode.c.objc; name = JHOHabitsListViewController.m; path = Controllers/JHOHabitsListViewController.m; sourceTree = "<group>"; };
		EDB1F738165F3A0600FFD7F9 /* JHOHabitsListViewController.xib */ = {isa = PBXFileReference; fileEncoding = 4; lastKnownFileType = file.xib; name = JHOHabitsListViewController.xib; path = Controllers/JHOHabitsListViewController.xib; sourceTree = "<group>"; };
		EDB1F73C165F3B8000FFD7F9 /* ButtonSelected.png */ = {isa = PBXFileReference; lastKnownFileType = image.png; path = ButtonSelected.png; sourceTree = "<group>"; };
		EDB1F73D165F3B8000FFD7F9 /* MenuBar.png */ = {isa = PBXFileReference; lastKnownFileType = image.png; path = MenuBar.png; sourceTree = "<group>"; };
		EDB1F73E165F3B8000FFD7F9 /* MenuBar@2x.png */ = {isa = PBXFileReference; lastKnownFileType = image.png; path = "MenuBar@2x.png"; sourceTree = "<group>"; };
		EDB1F73F165F3B8000FFD7F9 /* MKHorizMenu.h */ = {isa = PBXFileReference; fileEncoding = 4; lastKnownFileType = sourcecode.c.h; path = MKHorizMenu.h; sourceTree = "<group>"; };
		EDB1F740165F3B8000FFD7F9 /* MKHorizMenu.m */ = {isa = PBXFileReference; fileEncoding = 4; lastKnownFileType = sourcecode.c.objc; path = MKHorizMenu.m; sourceTree = "<group>"; };
		EDB1F783165F476100FFD7F9 /* JHONetworkHelper.h */ = {isa = PBXFileReference; fileEncoding = 4; lastKnownFileType = sourcecode.c.h; name = JHONetworkHelper.h; path = Network/JHONetworkHelper.h; sourceTree = "<group>"; };
		EDB1F784165F476100FFD7F9 /* JHONetworkHelper.m */ = {isa = PBXFileReference; fileEncoding = 4; lastKnownFileType = sourcecode.c.objc; name = JHONetworkHelper.m; path = Network/JHONetworkHelper.m; sourceTree = "<group>"; };
		EDB1F788165F7F3500FFD7F9 /* JHOAppUserInfo.h */ = {isa = PBXFileReference; fileEncoding = 4; lastKnownFileType = sourcecode.c.h; name = JHOAppUserInfo.h; path = Model/JHOAppUserInfo.h; sourceTree = "<group>"; };
		EDB1F789165F7F3500FFD7F9 /* JHOAppUserInfo.m */ = {isa = PBXFileReference; fileEncoding = 4; lastKnownFileType = sourcecode.c.objc; name = JHOAppUserInfo.m; path = Model/JHOAppUserInfo.m; sourceTree = "<group>"; };
		EDDA5EB5165E1F030002B38A /* SinaWeibo.bundle */ = {isa = PBXFileReference; lastKnownFileType = "wrapper.plug-in"; path = SinaWeibo.bundle; sourceTree = "<group>"; };
		EDDA5EB6165E1F030002B38A /* SinaWeibo.h */ = {isa = PBXFileReference; fileEncoding = 4; lastKnownFileType = sourcecode.c.h; path = SinaWeibo.h; sourceTree = "<group>"; };
		EDDA5EB7165E1F030002B38A /* SinaWeibo.m */ = {isa = PBXFileReference; fileEncoding = 4; lastKnownFileType = sourcecode.c.objc; path = SinaWeibo.m; sourceTree = "<group>"; };
		EDDA5EB8165E1F030002B38A /* SinaWeiboAuthorizeView.h */ = {isa = PBXFileReference; fileEncoding = 4; lastKnownFileType = sourcecode.c.h; path = SinaWeiboAuthorizeView.h; sourceTree = "<group>"; };
		EDDA5EB9165E1F030002B38A /* SinaWeiboAuthorizeView.m */ = {isa = PBXFileReference; fileEncoding = 4; lastKnownFileType = sourcecode.c.objc; path = SinaWeiboAuthorizeView.m; sourceTree = "<group>"; };
		EDDA5EBA165E1F030002B38A /* SinaWeiboConstants.h */ = {isa = PBXFileReference; fileEncoding = 4; lastKnownFileType = sourcecode.c.h; path = SinaWeiboConstants.h; sourceTree = "<group>"; };
		EDDA5EBB165E1F030002B38A /* SinaWeiboRequest.h */ = {isa = PBXFileReference; fileEncoding = 4; lastKnownFileType = sourcecode.c.h; path = SinaWeiboRequest.h; sourceTree = "<group>"; };
		EDDA5EBC165E1F030002B38A /* SinaWeiboRequest.m */ = {isa = PBXFileReference; fileEncoding = 4; lastKnownFileType = sourcecode.c.objc; path = SinaWeiboRequest.m; sourceTree = "<group>"; };
/* End PBXFileReference section */

/* Begin PBXFrameworksBuildPhase section */
		ED462EBD1658CC2000E53720 /* Frameworks */ = {
			isa = PBXFrameworksBuildPhase;
			buildActionMask = 2147483647;
			files = (
				ED91936C165CAE9800A488AF /* libz.dylib in Frameworks */,
				ED91936A165CAE9200A488AF /* MobileCoreServices.framework in Frameworks */,
				ED919368165CAE8400A488AF /* SystemConfiguration.framework in Frameworks */,
				ED919366165CAE7E00A488AF /* CFNetwork.framework in Frameworks */,
				ED462EF01658CF2400E53720 /* QuartzCore.framework in Frameworks */,
				ED462EC51658CC2000E53720 /* UIKit.framework in Frameworks */,
				ED462EC71658CC2000E53720 /* Foundation.framework in Frameworks */,
				ED462EC91658CC2000E53720 /* CoreGraphics.framework in Frameworks */,
			);
			runOnlyForDeploymentPostprocessing = 0;
		};
/* End PBXFrameworksBuildPhase section */

/* Begin PBXGroup section */
		48A47A1F165A1CBB00DD878D /* LoginController */ = {
			isa = PBXGroup;
			children = (
				48A47A21165A1CDC00DD878D /* JHOLoginViewController.h */,
				ED919372165CB24F00A488AF /* JHOLoginViewController.m */,
				48A47A23165A1CDC00DD878D /* JHOLoginViewController.xib */,
			);
			name = LoginController;
			sourceTree = "<group>";
		};
		ED462EB51658CC2000E53720 = {
			isa = PBXGroup;
			children = (
				ED462F041658D7F400E53720 /* Resources */,
				ED462EDB1658CCE800E53720 /* ThirdParts */,
				ED462ECA1658CC2000E53720 /* JustHoldOn */,
				ED462EC31658CC2000E53720 /* Frameworks */,
				ED462EC11658CC2000E53720 /* Products */,
			);
			sourceTree = "<group>";
		};
		ED462EC11658CC2000E53720 /* Products */ = {
			isa = PBXGroup;
			children = (
				ED462EC01658CC2000E53720 /* JustHoldOn.app */,
			);
			name = Products;
			sourceTree = "<group>";
		};
		ED462EC31658CC2000E53720 /* Frameworks */ = {
			isa = PBXGroup;
			children = (
				ED91936B165CAE9800A488AF /* libz.dylib */,
				ED919369165CAE9200A488AF /* MobileCoreServices.framework */,
				ED919367165CAE8400A488AF /* SystemConfiguration.framework */,
				ED919365165CAE7E00A488AF /* CFNetwork.framework */,
				ED462EEF1658CF2400E53720 /* QuartzCore.framework */,
				ED462EC41658CC2000E53720 /* UIKit.framework */,
				ED462EC61658CC2000E53720 /* Foundation.framework */,
				ED462EC81658CC2000E53720 /* CoreGraphics.framework */,
			);
			name = Frameworks;
			sourceTree = "<group>";
		};
		ED462ECA1658CC2000E53720 /* JustHoldOn */ = {
			isa = PBXGroup;
			children = (
				EDB1F786165F7EF400FFD7F9 /* Model */,
				EDB1F782165F473900FFD7F9 /* Network */,
				ED462F721658EBC700E53720 /* View */,
				ED462F711658EBB900E53720 /* Controllers */,
				ED462ED31658CC2000E53720 /* JHOAppDelegate.h */,
				ED462ED41658CC2000E53720 /* JHOAppDelegate.m */,
				ED462ECB1658CC2000E53720 /* Supporting Files */,
			);
			path = JustHoldOn;
			sourceTree = "<group>";
		};
		ED462ECB1658CC2000E53720 /* Supporting Files */ = {
			isa = PBXGroup;
			children = (
				ED462ECC1658CC2000E53720 /* JustHoldOn-Info.plist */,
				ED462ECD1658CC2000E53720 /* InfoPlist.strings */,
				ED462ED01658CC2000E53720 /* main.m */,
				ED462ED21658CC2000E53720 /* JustHoldOn-Prefix.pch */,
			);
			name = "Supporting Files";
			sourceTree = "<group>";
		};
		ED462EDB1658CCE800E53720 /* ThirdParts */ = {
			isa = PBXGroup;
			children = (
				EDB1F73B165F3B8000FFD7F9 /* MKHorizMenu */,
				EDDA5EB4165E1F030002B38A /* SinaWeibo */,
				ED91936E165CB23A00A488AF /* MBProgressHUD */,
				ED919299165CA7BC00A488AF /* ASIHTTPRequest */,
				EDA88A11165B62C800805500 /* JSONKit */,
				ED462EDC1658CCF500E53720 /* ViewDeck */,
			);
			name = ThirdParts;
			sourceTree = "<group>";
		};
		ED462EDC1658CCF500E53720 /* ViewDeck */ = {
			isa = PBXGroup;
			children = (
				ED462EDD1658CCF500E53720 /* IIViewDeckController.h */,
				ED462EDE1658CCF500E53720 /* IIViewDeckController.m */,
				ED462EDF1658CCF500E53720 /* WrapController.h */,
				ED462EE01658CCF500E53720 /* WrapController.m */,
			);
			name = ViewDeck;
			path = ThirdParts/ViewDeck;
			sourceTree = "<group>";
		};
		ED462EF11658CF5D00E53720 /* SlideMenu */ = {
			isa = PBXGroup;
			children = (
				ED462EFA1658D33300E53720 /* JHOSlideMenuViewController.h */,
				ED462EFB1658D33300E53720 /* JHOSlideMenuViewController.m */,
				ED462EFC1658D33300E53720 /* JHOSlideMenuViewController.xib */,
			);
			name = SlideMenu;
			sourceTree = "<group>";
		};
		ED462F041658D7F400E53720 /* Resources */ = {
			isa = PBXGroup;
			children = (
				EDB1F72F165F339500FFD7F9 /* IMG_0022.JPG */,
				ED462F6B1658E93900E53720 /* homepagebackground.png */,
				ED462F4C1658DB6000E53720 /* cell_background.png */,
				ED462F4D1658DB6000E53720 /* cell_background@2x.png */,
				ED462F4E1658DB6000E53720 /* cell_selected_background.png */,
				ED462F4F1658DB6000E53720 /* cell_selected_background@2x.png */,
				ED462F501658DB6000E53720 /* section_background.png */,
				ED462F511658DB6000E53720 /* section_background@2x.png */,
			);
			name = Resources;
			sourceTree = "<group>";
		};
		ED462F051658D84200E53720 /* ViewDeck */ = {
			isa = PBXGroup;
			children = (
				ED462F061658D86A00E53720 /* JHOMainFrameViewController.h */,
				ED462F071658D86A00E53720 /* JHOMainFrameViewController.m */,
			);
			name = ViewDeck;
			sourceTree = "<group>";
		};
		ED462F421658D8B200E53720 /* MyHomePage */ = {
			isa = PBXGroup;
			children = (
				ED462F681658E8DC00E53720 /* JHOMyHomePageViewController.h */,
				ED462F691658E8DC00E53720 /* JHOMyHomePageViewController.m */,
			);
			name = MyHomePage;
			sourceTree = "<group>";
		};
		ED462F711658EBB900E53720 /* Controllers */ = {
			isa = PBXGroup;
			children = (
				EDB1F735165F39D400FFD7F9 /* HabitsList */,
				EDB1F728165F24EA00FFD7F9 /* AlternativeTargets */,
				ED919374165CC09800A488AF /* ModifyUserInfo */,
				48A47A1F165A1CBB00DD878D /* LoginController */,
				ED462F421658D8B200E53720 /* MyHomePage */,
				ED462F051658D84200E53720 /* ViewDeck */,
				ED462EF11658CF5D00E53720 /* SlideMenu */,
			);
			name = Controllers;
			sourceTree = "<group>";
		};
		ED462F721658EBC700E53720 /* View */ = {
			isa = PBXGroup;
			children = (
				ED462F731658EBD200E53720 /* SlideViewTableCell */,
			);
			name = View;
			sourceTree = "<group>";
		};
		ED462F731658EBD200E53720 /* SlideViewTableCell */ = {
			isa = PBXGroup;
			children = (
				ED462F741658EBF000E53720 /* JHOSlideViewTableCell.h */,
				ED462F751658EBF000E53720 /* JHOSlideViewTableCell.m */,
			);
			name = SlideViewTableCell;
			sourceTree = "<group>";
		};
		ED919299165CA7BC00A488AF /* ASIHTTPRequest */ = {
			isa = PBXGroup;
			children = (
				ED91929A165CA7BC00A488AF /* ASIAuthenticationDialog.h */,
				ED91929B165CA7BC00A488AF /* ASIAuthenticationDialog.m */,
				ED91929C165CA7BC00A488AF /* ASICacheDelegate.h */,
				ED91929D165CA7BC00A488AF /* ASIDataCompressor.h */,
				ED91929E165CA7BC00A488AF /* ASIDataCompressor.m */,
				ED91929F165CA7BC00A488AF /* ASIDataDecompressor.h */,
				ED9192A0165CA7BC00A488AF /* ASIDataDecompressor.m */,
				ED9192A1165CA7BC00A488AF /* ASIDownloadCache.h */,
				ED9192A2165CA7BC00A488AF /* ASIDownloadCache.m */,
				ED9192A3165CA7BC00A488AF /* ASIFormDataRequest.h */,
				ED9192A4165CA7BC00A488AF /* ASIFormDataRequest.m */,
				ED9192A5165CA7BC00A488AF /* ASIHTTPRequest.h */,
				ED9192A6165CA7BC00A488AF /* ASIHTTPRequest.m */,
				ED9192A7165CA7BC00A488AF /* ASIHTTPRequestConfig.h */,
				ED9192A8165CA7BC00A488AF /* ASIHTTPRequestDelegate.h */,
				ED9192A9165CA7BC00A488AF /* ASIInputStream.h */,
				ED9192AA165CA7BC00A488AF /* ASIInputStream.m */,
				ED9192AB165CA7BC00A488AF /* ASINetworkQueue.h */,
				ED9192AC165CA7BC00A488AF /* ASINetworkQueue.m */,
				ED9192AD165CA7BC00A488AF /* ASIProgressDelegate.h */,
				ED9192C0165CA7BC00A488AF /* Reachability */,
			);
			name = ASIHTTPRequest;
			path = ThirdParts/ASIHTTPRequest;
			sourceTree = "<group>";
		};
		ED9192C0165CA7BC00A488AF /* Reachability */ = {
			isa = PBXGroup;
			children = (
				ED9192C1165CA7BC00A488AF /* Reachability.h */,
				ED9192C2165CA7BC00A488AF /* Reachability.m */,
			);
			path = Reachability;
			sourceTree = "<group>";
		};
		ED91936E165CB23A00A488AF /* MBProgressHUD */ = {
			isa = PBXGroup;
			children = (
				ED91936F165CB23A00A488AF /* MBProgressHUD.h */,
				ED919370165CB23A00A488AF /* MBProgressHUD.m */,
			);
			name = MBProgressHUD;
			path = ThirdParts/MBProgressHUD;
			sourceTree = "<group>";
		};
		ED919374165CC09800A488AF /* ModifyUserInfo */ = {
			isa = PBXGroup;
			children = (
				ED919375165CC0B400A488AF /* JHOModifyUserInfoViewController.h */,
				ED919376165CC0B400A488AF /* JHOModifyUserInfoViewController.m */,
				ED919377165CC0B400A488AF /* JHOModifyUserInfoViewController.xib */,
			);
			name = ModifyUserInfo;
			sourceTree = "<group>";
		};
		EDA88A11165B62C800805500 /* JSONKit */ = {
			isa = PBXGroup;
			children = (
				EDA88A12165B62C800805500 /* JSONKit.h */,
				EDA88A13165B62C800805500 /* JSONKit.m */,
			);
			name = JSONKit;
			path = ThirdParts/JSONKit;
			sourceTree = "<group>";
		};
		EDB1F728165F24EA00FFD7F9 /* AlternativeTargets */ = {
			isa = PBXGroup;
			children = (
				EDB1F72A165F251700FFD7F9 /* JHOAlternativeTargetsViewController.h */,
				EDB1F72B165F251700FFD7F9 /* JHOAlternativeTargetsViewController.m */,
				EDB1F72C165F251700FFD7F9 /* JHOAlternativeTargetsViewController.xib */,
			);
			name = AlternativeTargets;
			sourceTree = "<group>";
		};
		EDB1F735165F39D400FFD7F9 /* HabitsList */ = {
			isa = PBXGroup;
			children = (
				EDB1F736165F3A0600FFD7F9 /* JHOHabitsListViewController.h */,
				EDB1F737165F3A0600FFD7F9 /* JHOHabitsListViewController.m */,
				EDB1F738165F3A0600FFD7F9 /* JHOHabitsListViewController.xib */,
			);
			name = HabitsList;
			sourceTree = "<group>";
		};
		EDB1F73B165F3B8000FFD7F9 /* MKHorizMenu */ = {
			isa = PBXGroup;
			children = (
				EDB1F73C165F3B8000FFD7F9 /* ButtonSelected.png */,
				EDB1F73D165F3B8000FFD7F9 /* MenuBar.png */,
				EDB1F73E165F3B8000FFD7F9 /* MenuBar@2x.png */,
				EDB1F73F165F3B8000FFD7F9 /* MKHorizMenu.h */,
				EDB1F740165F3B8000FFD7F9 /* MKHorizMenu.m */,
			);
			name = MKHorizMenu;
			path = ThirdParts/MKHorizMenu;
			sourceTree = "<group>";
		};
		EDB1F782165F473900FFD7F9 /* Network */ = {
			isa = PBXGroup;
			children = (
				EDB1F783165F476100FFD7F9 /* JHONetworkHelper.h */,
				EDB1F784165F476100FFD7F9 /* JHONetworkHelper.m */,
			);
			name = Network;
			sourceTree = "<group>";
		};
		EDB1F786165F7EF400FFD7F9 /* Model */ = {
			isa = PBXGroup;
			children = (
				EDB1F787165F7F1200FFD7F9 /* UserInfo */,
			);
			name = Model;
			sourceTree = "<group>";
		};
		EDB1F787165F7F1200FFD7F9 /* UserInfo */ = {
			isa = PBXGroup;
			children = (
				EDB1F788165F7F3500FFD7F9 /* JHOAppUserInfo.h */,
				EDB1F789165F7F3500FFD7F9 /* JHOAppUserInfo.m */,
			);
			name = UserInfo;
			sourceTree = "<group>";
		};
		EDDA5EB4165E1F030002B38A /* SinaWeibo */ = {
			isa = PBXGroup;
			children = (
				EDDA5EB5165E1F030002B38A /* SinaWeibo.bundle */,
				EDDA5EB6165E1F030002B38A /* SinaWeibo.h */,
				EDDA5EB7165E1F030002B38A /* SinaWeibo.m */,
				EDDA5EB8165E1F030002B38A /* SinaWeiboAuthorizeView.h */,
				EDDA5EB9165E1F030002B38A /* SinaWeiboAuthorizeView.m */,
				EDDA5EBA165E1F030002B38A /* SinaWeiboConstants.h */,
				EDDA5EBB165E1F030002B38A /* SinaWeiboRequest.h */,
				EDDA5EBC165E1F030002B38A /* SinaWeiboRequest.m */,
			);
			name = SinaWeibo;
			path = ThirdParts/SinaWeibo;
			sourceTree = "<group>";
		};
/* End PBXGroup section */

/* Begin PBXNativeTarget section */
		ED462EBF1658CC2000E53720 /* JustHoldOn */ = {
			isa = PBXNativeTarget;
			buildConfigurationList = ED462ED81658CC2000E53720 /* Build configuration list for PBXNativeTarget "JustHoldOn" */;
			buildPhases = (
				ED462EBC1658CC2000E53720 /* Sources */,
				ED462EBD1658CC2000E53720 /* Frameworks */,
				ED462EBE1658CC2000E53720 /* Resources */,
			);
			buildRules = (
			);
			dependencies = (
			);
			name = JustHoldOn;
			productName = JustHoldOn;
			productReference = ED462EC01658CC2000E53720 /* JustHoldOn.app */;
			productType = "com.apple.product-type.application";
		};
/* End PBXNativeTarget section */

/* Begin PBXProject section */
		ED462EB71658CC2000E53720 /* Project object */ = {
			isa = PBXProject;
			attributes = {
				CLASSPREFIX = JHO;
				LastUpgradeCheck = 0440;
				ORGANIZATIONNAME = Heartunderblade;
			};
			buildConfigurationList = ED462EBA1658CC2000E53720 /* Build configuration list for PBXProject "JustHoldOn" */;
			compatibilityVersion = "Xcode 3.2";
			developmentRegion = English;
			hasScannedForEncodings = 0;
			knownRegions = (
				en,
			);
			mainGroup = ED462EB51658CC2000E53720;
			productRefGroup = ED462EC11658CC2000E53720 /* Products */;
			projectDirPath = "";
			projectRoot = "";
			targets = (
				ED462EBF1658CC2000E53720 /* JustHoldOn */,
			);
		};
/* End PBXProject section */

/* Begin PBXResourcesBuildPhase section */
		ED462EBE1658CC2000E53720 /* Resources */ = {
			isa = PBXResourcesBuildPhase;
			buildActionMask = 2147483647;
			files = (
				ED462ECF1658CC2000E53720 /* InfoPlist.strings in Resources */,
				ED462EFE1658D33300E53720 /* JHOSlideMenuViewController.xib in Resources */,
				ED462F521658DB6000E53720 /* cell_background.png in Resources */,
				ED462F531658DB6000E53720 /* cell_background@2x.png in Resources */,
				ED462F541658DB6000E53720 /* cell_selected_background.png in Resources */,
				ED462F551658DB6000E53720 /* cell_selected_background@2x.png in Resources */,
				ED462F561658DB6000E53720 /* section_background.png in Resources */,
				ED462F571658DB6000E53720 /* section_background@2x.png in Resources */,
				ED462F6C1658E93900E53720 /* homepagebackground.png in Resources */,
				48A47A25165A1CDC00DD878D /* JHOLoginViewController.xib in Resources */,
				ED919379165CC0B400A488AF /* JHOModifyUserInfoViewController.xib in Resources */,
				EDDA5EBD165E1F030002B38A /* SinaWeibo.bundle in Resources */,
				EDB1F72E165F251700FFD7F9 /* JHOAlternativeTargetsViewController.xib in Resources */,
				EDB1F730165F339500FFD7F9 /* IMG_0022.JPG in Resources */,
				EDB1F73A165F3A0600FFD7F9 /* JHOHabitsListViewController.xib in Resources */,
				EDB1F741165F3B8000FFD7F9 /* ButtonSelected.png in Resources */,
				EDB1F742165F3B8000FFD7F9 /* MenuBar.png in Resources */,
				EDB1F743165F3B8000FFD7F9 /* MenuBar@2x.png in Resources */,
			);
			runOnlyForDeploymentPostprocessing = 0;
		};
/* End PBXResourcesBuildPhase section */

/* Begin PBXSourcesBuildPhase section */
		ED462EBC1658CC2000E53720 /* Sources */ = {
			isa = PBXSourcesBuildPhase;
			buildActionMask = 2147483647;
			files = (
				ED462ED11658CC2000E53720 /* main.m in Sources */,
				ED462ED51658CC2000E53720 /* JHOAppDelegate.m in Sources */,
				ED462EE11658CCF500E53720 /* IIViewDeckController.m in Sources */,
				ED462EE21658CCF500E53720 /* WrapController.m in Sources */,
				ED462EFD1658D33300E53720 /* JHOSlideMenuViewController.m in Sources */,
				ED462F081658D86A00E53720 /* JHOMainFrameViewController.m in Sources */,
				ED462F6A1658E8DC00E53720 /* JHOMyHomePageViewController.m in Sources */,
				ED462F761658EBF000E53720 /* JHOSlideViewTableCell.m in Sources */,
				EDA88A14165B62C800805500 /* JSONKit.m in Sources */,
				ED9192EF165CA7BC00A488AF /* ASIAuthenticationDialog.m in Sources */,
				ED9192F0165CA7BC00A488AF /* ASIDataCompressor.m in Sources */,
				ED9192F1165CA7BC00A488AF /* ASIDataDecompressor.m in Sources */,
				ED9192F2165CA7BC00A488AF /* ASIDownloadCache.m in Sources */,
				ED9192F3165CA7BC00A488AF /* ASIFormDataRequest.m in Sources */,
				ED9192F4165CA7BC00A488AF /* ASIHTTPRequest.m in Sources */,
				ED9192F5165CA7BC00A488AF /* ASIInputStream.m in Sources */,
				ED9192F6165CA7BC00A488AF /* ASINetworkQueue.m in Sources */,
				ED9192FF165CA7BC00A488AF /* Reachability.m in Sources */,
				ED919371165CB23A00A488AF /* MBProgressHUD.m in Sources */,
				ED919373165CB24F00A488AF /* JHOLoginViewController.m in Sources */,
				ED919378165CC0B400A488AF /* JHOModifyUserInfoViewController.m in Sources */,
				EDDA5EBE165E1F030002B38A /* SinaWeibo.m in Sources */,
				EDDA5EBF165E1F030002B38A /* SinaWeiboAuthorizeView.m in Sources */,
				EDDA5EC0165E1F030002B38A /* SinaWeiboRequest.m in Sources */,
				EDB1F72D165F251700FFD7F9 /* JHOAlternativeTargetsViewController.m in Sources */,
				EDB1F739165F3A0600FFD7F9 /* JHOHabitsListViewController.m in Sources */,
				EDB1F744165F3B8000FFD7F9 /* MKHorizMenu.m in Sources */,
				EDB1F785165F476100FFD7F9 /* JHONetworkHelper.m in Sources */,
				EDB1F78A165F7F3500FFD7F9 /* JHOAppUserInfo.m in Sources */,
			);
			runOnlyForDeploymentPostprocessing = 0;
		};
/* End PBXSourcesBuildPhase section */

/* Begin PBXVariantGroup section */
		ED462ECD1658CC2000E53720 /* InfoPlist.strings */ = {
			isa = PBXVariantGroup;
			children = (
				ED462ECE1658CC2000E53720 /* en */,
			);
			name = InfoPlist.strings;
			sourceTree = "<group>";
		};
/* End PBXVariantGroup section */

/* Begin XCBuildConfiguration section */
		ED462ED61658CC2000E53720 /* Debug */ = {
			isa = XCBuildConfiguration;
			buildSettings = {
				ALWAYS_SEARCH_USER_PATHS = NO;
				ARCHS = "$(ARCHS_STANDARD_32_BIT)";
				CLANG_CXX_LANGUAGE_STANDARD = "gnu++0x";
				CLANG_WARN__DUPLICATE_METHOD_MATCH = YES;
				"CODE_SIGN_IDENTITY[sdk=iphoneos*]" = "iPhone Developer";
				COPY_PHASE_STRIP = NO;
				GCC_C_LANGUAGE_STANDARD = gnu99;
				GCC_DYNAMIC_NO_PIC = NO;
				GCC_OPTIMIZATION_LEVEL = 0;
				GCC_PREPROCESSOR_DEFINITIONS = (
					"DEBUG=1",
					"$(inherited)",
				);
				GCC_SYMBOLS_PRIVATE_EXTERN = NO;
				GCC_VERSION = com.apple.compilers.llvm.clang.1_0;
				GCC_WARN_ABOUT_RETURN_TYPE = YES;
				GCC_WARN_UNINITIALIZED_AUTOS = YES;
				GCC_WARN_UNUSED_VARIABLE = YES;
				IPHONEOS_DEPLOYMENT_TARGET = 5.1;
				SDKROOT = iphoneos;
			};
			name = Debug;
		};
		ED462ED71658CC2000E53720 /* Release */ = {
			isa = XCBuildConfiguration;
			buildSettings = {
				ALWAYS_SEARCH_USER_PATHS = NO;
				ARCHS = "$(ARCHS_STANDARD_32_BIT)";
				CLANG_CXX_LANGUAGE_STANDARD = "gnu++0x";
				CLANG_WARN__DUPLICATE_METHOD_MATCH = YES;
				"CODE_SIGN_IDENTITY[sdk=iphoneos*]" = "iPhone Developer";
				COPY_PHASE_STRIP = YES;
				GCC_C_LANGUAGE_STANDARD = gnu99;
				GCC_VERSION = com.apple.compilers.llvm.clang.1_0;
				GCC_WARN_ABOUT_RETURN_TYPE = YES;
				GCC_WARN_UNINITIALIZED_AUTOS = YES;
				GCC_WARN_UNUSED_VARIABLE = YES;
				IPHONEOS_DEPLOYMENT_TARGET = 5.1;
				OTHER_CFLAGS = "-DNS_BLOCK_ASSERTIONS=1";
				SDKROOT = iphoneos;
				VALIDATE_PRODUCT = YES;
			};
			name = Release;
		};
		ED462ED91658CC2000E53720 /* Debug */ = {
			isa = XCBuildConfiguration;
			buildSettings = {
				CODE_SIGN_IDENTITY = "iPhone Developer: 扬 杨 (E6D7QURJRA)";
				"CODE_SIGN_IDENTITY[sdk=iphoneos*]" = "iPhone Developer: 扬 杨 (E6D7QURJRA)";
				GCC_PRECOMPILE_PREFIX_HEADER = YES;
				GCC_PREFIX_HEADER = "JustHoldOn/JustHoldOn-Prefix.pch";
				INFOPLIST_FILE = "JustHoldOn/JustHoldOn-Info.plist";
				IPHONEOS_DEPLOYMENT_TARGET = 4.3;
				PRODUCT_NAME = "$(TARGET_NAME)";
				PROVISIONING_PROFILE = "D27FF2EB-71EE-450E-8FE3-5196A6D30733";
				"PROVISIONING_PROFILE[sdk=iphoneos*]" = "D27FF2EB-71EE-450E-8FE3-5196A6D30733";
				WRAPPER_EXTENSION = app;
			};
			name = Debug;
		};
		ED462EDA1658CC2000E53720 /* Release */ = {
			isa = XCBuildConfiguration;
			buildSettings = {
				CODE_SIGN_IDENTITY = "iPhone Developer: 扬 杨 (E6D7QURJRA)";
				"CODE_SIGN_IDENTITY[sdk=iphoneos*]" = "iPhone Developer: 扬 杨 (E6D7QURJRA)";
				GCC_PRECOMPILE_PREFIX_HEADER = YES;
				GCC_PREFIX_HEADER = "JustHoldOn/JustHoldOn-Prefix.pch";
				INFOPLIST_FILE = "JustHoldOn/JustHoldOn-Info.plist";
				IPHONEOS_DEPLOYMENT_TARGET = 4.3;
				PRODUCT_NAME = "$(TARGET_NAME)";
				PROVISIONING_PROFILE = "D27FF2EB-71EE-450E-8FE3-5196A6D30733";
				"PROVISIONING_PROFILE[sdk=iphoneos*]" = "D27FF2EB-71EE-450E-8FE3-5196A6D30733";
				WRAPPER_EXTENSION = app;
			};
			name = Release;
		};
/* End XCBuildConfiguration section */

/* Begin XCConfigurationList section */
		ED462EBA1658CC2000E53720 /* Build configuration list for PBXProject "JustHoldOn" */ = {
			isa = XCConfigurationList;
			buildConfigurations = (
				ED462ED61658CC2000E53720 /* Debug */,
				ED462ED71658CC2000E53720 /* Release */,
			);
			defaultConfigurationIsVisible = 0;
			defaultConfigurationName = Release;
		};
		ED462ED81658CC2000E53720 /* Build configuration list for PBXNativeTarget "JustHoldOn" */ = {
			isa = XCConfigurationList;
			buildConfigurations = (
				ED462ED91658CC2000E53720 /* Debug */,
				ED462EDA1658CC2000E53720 /* Release */,
			);
			defaultConfigurationIsVisible = 0;
			defaultConfigurationName = Release;
		};
/* End XCConfigurationList section */
	};
	rootObject = ED462EB71658CC2000E53720 /* Project object */;
}
